
Microsoft Visual Studio Solution File, Format Version 12.00
# Visual Studio Version 17
VisualStudioVersion = 17.12.35506.116
MinimumVisualStudioVersion = 10.0.40219.1
Project("{FAE04EC0-301F-11D3-BF4B-00C04F79EFBC}") = "Rentpanel", "Rentpanel\Rentpanel.csproj", "{A28891CE-37FF-4EEE-89F8-5F7B88446AFC}"
EndProject
Project("{FAE04EC0-301F-11D3-BF4B-00C04F79EFBC}") = "generic", "generic\generic.csproj", "{9417E999-1570-430B-A3D6-649BA682E655}"
EndProject
Global
	GlobalSection(SolutionConfigurationPlatforms) = preSolution
		Debug|Any CPU = Debug|Any CPU
		Release|Any CPU = Release|Any CPU
	EndGlobalSection
	GlobalSection(ProjectConfigurationPlatforms) = postSolution
		{A28891CE-37FF-4EEE-89F8-5F7B88446AFC}.Debug|Any CPU.ActiveCfg = Debug|Any CPU
		{A28891CE-37FF-4EEE-89F8-5F7B88446AFC}.Debug|Any CPU.Build.0 = Debug|Any CPU
		{A28891CE-37FF-4EEE-89F8-5F7B88446AFC}.Release|Any CPU.ActiveCfg = Release|Any CPU
		{A28891CE-37FF-4EEE-89F8-5F7B88446AFC}.Release|Any CPU.Build.0 = Release|Any CPU
		{9417E999-1570-430B-A3D6-649BA682E655}.Debug|Any CPU.ActiveCfg = Debug|Any CPU
		{9417E999-1570-430B-A3D6-649BA682E655}.Debug|Any CPU.Build.0 = Debug|Any CPU
		{9417E999-1570-430B-A3D6-649BA682E655}.Release|Any CPU.ActiveCfg = Release|Any CPU
		{9417E999-1570-430B-A3D6-649BA682E655}.Release|Any CPU.Build.0 = Release|Any CPU
	EndGlobalSection
	GlobalSection(SolutionProperties) = preSolution
		HideSolutionNode = FALSE
	EndGlobalSection
EndGlobal
